// !$*UTF8*$!
{
	archiveVersion = 1;
	classes = {
	};
	objectVersion = 46;
	objects = {

/* Begin PBXBuildFile section */
		641BE2DD1AFC83EB0093320A /* Rectangle.m in Sources */ = {isa = PBXBuildFile; fileRef = 641BE2DC1AFC83EB0093320A /* Rectangle.m */; };
		642E15851AFC836900CDD0C2 /* Foundation.framework in Frameworks */ = {isa = PBXBuildFile; fileRef = 642E15841AFC836900CDD0C2 /* Foundation.framework */; };
		642E15881AFC836900CDD0C2 /* main.m in Sources */ = {isa = PBXBuildFile; fileRef = 642E15871AFC836900CDD0C2 /* main.m */; };
		642E158C1AFC836900CDD0C2 /* protocol.1 in CopyFiles */ = {isa = PBXBuildFile; fileRef = 642E158B1AFC836900CDD0C2 /* protocol.1 */; };
		64D6B89D1AFCB4F600454A8A /* Circle.m in Sources */ = {isa = PBXBuildFile; fileRef = 64D6B89C1AFCB4F600454A8A /* Circle.m */; };
/* End PBXBuildFile section */

/* Begin PBXCopyFilesBuildPhase section */
		642E157E1AFC836900CDD0C2 /* CopyFiles */ = {
			isa = PBXCopyFilesBuildPhase;
			buildActionMask = 2147483647;
			dstPath = /usr/share/man/man1/;
			dstSubfolderSpec = 0;
			files = (
				642E158C1AFC836900CDD0C2 /* protocol.1 in CopyFiles */,
			);
			runOnlyForDeploymentPostprocessing = 1;
		};
/* End PBXCopyFilesBuildPhase section */

/* Begin PBXFileReference section */
		641BE2DB1AFC83EB0093320A /* Rectangle.h */ = {isa = PBXFileReference; fileEncoding = 4; lastKnownFileType = sourcecode.c.h; path = Rectangle.h; sourceTree = "<group>"; };
		641BE2DC1AFC83EB0093320A /* Rectangle.m */ = {isa = PBXFileReference; fileEncoding = 4; lastKnownFileType = sourcecode.c.objc; path = Rectangle.m; sourceTree = "<group>"; };
		642E15801AFC836900CDD0C2 /* protocol */ = {isa = PBXFileReference; explicitFileType = "compiled.mach-o.executable"; includeInIndex = 0; path = protocol; sourceTree = BUILT_PRODUCTS_DIR; };
		642E15841AFC836900CDD0C2 /* Foundation.framework */ = {isa = PBXFileReference; lastKnownFileType = wrapper.framework; name = Foundation.framework; path = System/Library/Frameworks/Foundation.framework; sourceTree = SDKROOT; };
		642E15871AFC836900CDD0C2 /* main.m */ = {isa = PBXFileReference; lastKnownFileType = sourcecode.c.objc; path = main.m; sourceTree = "<group>"; };
		642E158A1AFC836900CDD0C2 /* protocol-Prefix.pch */ = {isa = PBXFileReference; lastKnownFileType = sourcecode.c.h; path = "protocol-Prefix.pch"; sourceTree = "<group>"; };
		642E158B1AFC836900CDD0C2 /* protocol.1 */ = {isa = PBXFileReference; lastKnownFileType = text.man; path = protocol.1; sourceTree = "<group>"; };
		642E15921AFC838200CDD0C2 /* Drawing.h */ = {isa = PBXFileReference; fileEncoding = 4; lastKnownFileType = sourcecode.c.h; path = Drawing.h; sourceTree = "<group>"; };
		64D6B89B1AFCB4F600454A8A /* Circle.h */ = {isa = PBXFileReference; fileEncoding = 4; lastKnownFileType = sourcecode.c.h; path = Circle.h; sourceTree = "<group>"; };
		64D6B89C1AFCB4F600454A8A /* Circle.m */ = {isa = PBXFileReference; fileEncoding = 4; lastKnownFileType = sourcecode.c.objc; path = Circle.m; sourceTree = "<group>"; };
/* End PBXFileReference section */

/* Begin PBXFrameworksBuildPhase section */
		642E157D1AFC836900CDD0C2 /* Frameworks */ = {
			isa = PBXFrameworksBuildPhase;
			buildActionMask = 2147483647;
			files = (
				642E15851AFC836900CDD0C2 /* Foundation.framework in Frameworks */,
			);
			runOnlyForDeploymentPostprocessing = 0;
		};
/* End PBXFrameworksBuildPhase section */

/* Begin PBXGroup section */
		642E15751AFC836800CDD0C2 = {
			isa = PBXGroup;
			children = (
				642E15921AFC838200CDD0C2 /* Drawing.h */,
				64D6B89B1AFCB4F600454A8A /* Circle.h */,
				64D6B89C1AFCB4F600454A8A /* Circle.m */,
				641BE2DB1AFC83EB0093320A /* Rectangle.h */,
				641BE2DC1AFC83EB0093320A /* Rectangle.m */,
				642E15861AFC836900CDD0C2 /* protocol */,
				642E15831AFC836900CDD0C2 /* Frameworks */,
				642E15811AFC836900CDD0C2 /* Products */,
			);
			sourceTree = "<group>";
		};
		642E15811AFC836900CDD0C2 /* Products */ = {
			isa = PBXGroup;
			children = (
				642E15801AFC836900CDD0C2 /* protocol */,
			);
			name = Products;
			sourceTree = "<group>";
		};
		642E15831AFC836900CDD0C2 /* Frameworks */ = {
			isa = PBXGroup;
			children = (
				642E15841AFC836900CDD0C2 /* Foundation.framework */,
			);
			name = Frameworks;
			sourceTree = "<group>";
		};
		642E15861AFC836900CDD0C2 /* protocol */ = {
			isa = PBXGroup;
			children = (
				642E15871AFC836900CDD0C2 /* main.m */,
				642E158B1AFC836900CDD0C2 /* protocol.1 */,
				642E15891AFC836900CDD0C2 /* Supporting Files */,
			);
			path = protocol;
			sourceTree = "<group>";
		};
		642E15891AFC836900CDD0C2 /* Supporting Files */ = {
			isa = PBXGroup;
			children = (
				642E158A1AFC836900CDD0C2 /* protocol-Prefix.pch */,
			);
			name = "Supporting Files";
			sourceTree = "<group>";
		};
/* End PBXGroup section */

/* Begin PBXNativeTarget section */
		642E157F1AFC836900CDD0C2 /* protocol */ = {
			isa = PBXNativeTarget;
			buildConfigurationList = 642E158F1AFC836900CDD0C2 /* Build configuration list for PBXNativeTarget "protocol" */;
			buildPhases = (
				642E157C1AFC836900CDD0C2 /* Sources */,
				642E157D1AFC836900CDD0C2 /* Frameworks */,
				642E157E1AFC836900CDD0C2 /* CopyFiles */,
			);
			buildRules = (
			);
			dependencies = (
			);
			name = protocol;
			productName = protocol;
			productReference = 642E15801AFC836900CDD0C2 /* protocol */;
			productType = "com.apple.product-type.tool";
		};
/* End PBXNativeTarget section */

/* Begin PBXProject section */
		642E15771AFC836800CDD0C2 /* Project object */ = {
			isa = PBXProject;
			attributes = {
				LastUpgradeCheck = 0420;
			};
			buildConfigurationList = 642E157A1AFC836800CDD0C2 /* Build configuration list for PBXProject "protocol" */;
			compatibilityVersion = "Xcode 3.2";
			developmentRegion = English;
			hasScannedForEncodings = 0;
			knownRegions = (
				en,
			);
			mainGroup = 642E15751AFC836800CDD0C2;
			productRefGroup = 642E15811AFC836900CDD0C2 /* Products */;
			projectDirPath = "";
			projectRoot = "";
			targets = (
				642E157F1AFC836900CDD0C2 /* protocol */,
			);
		};
/* End PBXProject section */

/* Begin PBXSourcesBuildPhase section */
		642E157C1AFC836900CDD0C2 /* Sources */ = {
			isa = PBXSourcesBuildPhase;
			buildActionMask = 2147483647;
			files = (
				642E15881AFC836900CDD0C2 /* main.m in Sources */,
				641BE2DD1AFC83EB0093320A /* Rectangle.m in Sources */,
				64D6B89D1AFCB4F600454A8A /* Circle.m in Sources */,
			);
			runOnlyForDeploymentPostprocessing = 0;
		};
/* End PBXSourcesBuildPhase section */

/* Begin XCBuildConfiguration section */
		642E158D1AFC836900CDD0C2 /* Debug */ = {
			isa = XCBuildConfiguration;
			buildSettings = {
				ALWAYS_SEARCH_USER_PATHS = NO;
				ARCHS = "$(ARCHS_STANDARD_64_BIT)";
				CLANG_ENABLE_OBJC_ARC = YES;
				COPY_PHASE_STRIP = NO;
				GCC_C_LANGUAGE_STANDARD = gnu99;
				GCC_DYNAMIC_NO_PIC = NO;
				GCC_ENABLE_OBJC_EXCEPTIONS = YES;
				GCC_OPTIMIZATION_LEVEL = 0;
				GCC_PREPROCESSOR_DEFINITIONS = (
					"DEBUG=1",
					"$(inherited)",
				);
				GCC_SYMBOLS_PRIVATE_EXTERN = NO;
				GCC_VERSION = com.apple.compilers.llvm.clang.1_0;
				GCC_WARN_64_TO_32_BIT_CONVERSION = YES;
				GCC_WARN_ABOUT_MISSING_PROTOTYPES = YES;
				GCC_WARN_ABOUT_RETURN_TYPE = YES;
				GCC_WARN_UNUSED_VARIABLE = YES;
				MACOSX_DEPLOYMENT_TARGET = 10.7;
				ONLY_ACTIVE_ARCH = YES;
				SDKROOT = macosx;
			};
			name = Debug;
		};
		642E158E1AFC836900CDD0C2 /* Release */ = {
			isa = XCBuildConfiguration;
			buildSettings = {
				ALWAYS_SEARCH_USER_PATHS = NO;
				ARCHS = "$(ARCHS_STANDARD_64_BIT)";
				CLANG_ENABLE_OBJC_ARC = YES;
				COPY_PHASE_STRIP = YES;
				DEBUG_INFORMATION_FORMAT = "dwarf-with-dsym";
				GCC_C_LANGUAGE_STANDARD = gnu99;
				GCC_ENABLE_OBJC_EXCEPTIONS = YES;
				GCC_VERSION = com.apple.compilers.llvm.clang.1_0;
				GCC_WARN_64_TO_32_BIT_CONVERSION = YES;
				GCC_WARN_ABOUT_MISSING_PROTOTYPES = YES;
				GCC_WARN_ABOUT_RETURN_TYPE = YES;
				GCC_WARN_UNUSED_VARIABLE = YES;
				MACOSX_DEPLOYMENT_TARGET = 10.7;
				SDKROOT = macosx;
			};
			name = Release;
		};
		642E15901AFC836900CDD0C2 /* Debug */ = {
			isa = XCBuildConfiguration;
			buildSettings = {
				GCC_PRECOMPILE_PREFIX_HEADER = YES;
				GCC_PREFIX_HEADER = "protocol/protocol-Prefix.pch";
				PRODUCT_NAME = "$(TARGET_NAME)";
			};
			name = Debug;
		};
		642E15911AFC836900CDD0C2 /* Release */ = {
			isa = XCBuildConfiguration;
			buildSettings = {
				GCC_PRECOMPILE_PREFIX_HEADER = YES;
				GCC_PREFIX_HEADER = "protocol/protocol-Prefix.pch";
				PRODUCT_NAME = "$(TARGET_NAME)";
			};
			name = Release;
		};
/* End XCBuildConfiguration section */

/* Begin XCConfigurationList section */
		642E157A1AFC836800CDD0C2 /* Build configuration list for PBXProject "protocol" */ = {
			isa = XCConfigurationList;
			buildConfigurations = (
				642E158D1AFC836900CDD0C2 /* Debug */,
				642E158E1AFC836900CDD0C2 /* Release */,
			);
			defaultConfigurationIsVisible = 0;
			defaultConfigurationName = Release;
		};
		642E158F1AFC836900CDD0C2 /* Build configuration list for PBXNativeTarget "protocol" */ = {
			isa = XCConfigurationList;
			buildConfigurations = (
				642E15901AFC836900CDD0C2 /* Debug */,
				642E15911AFC836900CDD0C2 /* Release */,
			);
			defaultConfigurationIsVisible = 0;
			defaultConfigurationName = Release;
		};
/* End XCConfigurationList section */
	};
	rootObject = 642E15771AFC836800CDD0C2 /* Project object */;
}
